# THIS IS AN AUTOGENERATED FILE. DO NOT EDIT THIS FILE DIRECTLY.
# yarn lockfile v1


cookie@0.3.1:
  version "0.3.1"
  resolved "https://registry.yarnpkg.com/cookie/-/cookie-0.3.1.tgz#e7e0a1f9ef43b4c8ba925c5c5a96e806d16873bb"

json-stringify-safe@5.0.1:
  version "5.0.1"
  resolved "https://registry.yarnpkg.com/json-stringify-safe/-/json-stringify-safe-5.0.1.tgz#1296a2d58fd45f19a0f6ce01d65701e2c735b6eb"

lsmod@1.0.0:
  version "1.0.0"
  resolved "https://registry.yarnpkg.com/lsmod/-/lsmod-1.0.0.tgz#9a00f76dca36eb23fa05350afe1b585d4299e64b"

raven@^2.1.0:
  version "2.1.0"
  resolved "https://registry.yarnpkg.com/raven/-/raven-2.1.0.tgz#1b624e56374d9c9d93c74448461a2a356ce37527"
  dependencies:
    cookie "0.3.1"
    json-stringify-safe "5.0.1"
    lsmod "1.0.0"
    stack-trace "0.0.9"
    timed-out "4.0.1"
    uuid "3.0.0"

stack-trace@0.0.9:
  version "0.0.9"
  resolved "https://registry.yarnpkg.com/stack-trace/-/stack-trace-0.0.9.tgz#a8f6eaeca90674c333e7c43953f275b451510695"

timed-out@4.0.1:
  version "4.0.1"
  resolved "https://registry.yarnpkg.com/timed-out/-/timed-out-4.0.1.tgz#f32eacac5a175bea25d7fab565ab3ed8741ef56f"

uuid@3.0.0:
  version "3.0.0"
  resolved "https://registry.yarnpkg.com/uuid/-/uuid-3.0.0.tgz#6728fc0459c450d796a99c31837569bdf672d728"
